
Microsoft Visual Studio Solution File, Format Version 12.00
# Visual Studio Version 17
VisualStudioVersion = 17.7.34031.279
MinimumVisualStudioVersion = 10.0.40219.1
Project("{FAE04EC0-301F-11D3-BF4B-00C04F79EFBC}") = "Угадай число", "Угадай число.csproj", "{A45468B5-29DB-4B20-9768-2514F4FC4C0B}"
EndProject
Global
	GlobalSection(SolutionConfigurationPlatforms) = preSolution
		Debug|Any CPU = Debug|Any CPU
		Release|Any CPU = Release|Any CPU
	EndGlobalSection
	GlobalSection(ProjectConfigurationPlatforms) = postSolution
		{A45468B5-29DB-4B20-9768-2514F4FC4C0B}.Debug|Any CPU.ActiveCfg = Debug|Any CPU
		{A45468B5-29DB-4B20-9768-2514F4FC4C0B}.Debug|Any CPU.Build.0 = Debug|Any CPU
		{A45468B5-29DB-4B20-9768-2514F4FC4C0B}.Release|Any CPU.ActiveCfg = Release|Any CPU
		{A45468B5-29DB-4B20-9768-2514F4FC4C0B}.Release|Any CPU.Build.0 = Release|Any CPU
	EndGlobalSection
	GlobalSection(SolutionProperties) = preSolution
		HideSolutionNode = FALSE
	EndGlobalSection
	GlobalSection(ExtensibilityGlobals) = postSolution
		SolutionGuid = {81738036-509F-4B3E-B320-00844AE5BA51}
	EndGlobalSection
EndGlobal
